
Microsoft Visual Studio Solution File, Format Version 12.00
# Visual Studio Version 17
VisualStudioVersion = 17.14.36429.23
MinimumVisualStudioVersion = 10.0.40219.1
Project("{FAE04EC0-301F-11D3-BF4B-00C04F79EFBC}") = "WpfAppSultanovaED", "LAB4.1SultanovaED\WpfAppSultanovaED.csproj", "{602BADBF-62EE-4C81-B89C-669E0ADCE5B6}"
EndProject
Global
	GlobalSection(SolutionConfigurationPlatforms) = preSolution
		Debug|Any CPU = Debug|Any CPU
		Release|Any CPU = Release|Any CPU
	EndGlobalSection
	GlobalSection(ProjectConfigurationPlatforms) = postSolution
		{602BADBF-62EE-4C81-B89C-669E0ADCE5B6}.Debug|Any CPU.ActiveCfg = Debug|Any CPU
		{602BADBF-62EE-4C81-B89C-669E0ADCE5B6}.Debug|Any CPU.Build.0 = Debug|Any CPU
		{602BADBF-62EE-4C81-B89C-669E0ADCE5B6}.Release|Any CPU.ActiveCfg = Release|Any CPU
		{602BADBF-62EE-4C81-B89C-669E0ADCE5B6}.Release|Any CPU.Build.0 = Release|Any CPU
	EndGlobalSection
	GlobalSection(SolutionProperties) = preSolution
		HideSolutionNode = FALSE
	EndGlobalSection
	GlobalSection(ExtensibilityGlobals) = postSolution
		SolutionGuid = {AA1C9384-32F4-41F5-BEC7-A6A5BF7A86E5}
	EndGlobalSection
EndGlobal
